
Microsoft Visual Studio Solution File, Format Version 12.00
# Visual Studio Version 17
VisualStudioVersion = 17.3.32901.215
MinimumVisualStudioVersion = 10.0.40219.1
Project("{FAE04EC0-301F-11D3-BF4B-00C04F79EFBC}") = "TabControlUygulama -847", "TabControlUygulama -847\TabControlUygulama -847.csproj", "{05B906EA-5600-4C6D-9E6A-7A385D710B8F}"
EndProject
Global
	GlobalSection(SolutionConfigurationPlatforms) = preSolution
		Debug|Any CPU = Debug|Any CPU
		Release|Any CPU = Release|Any CPU
	EndGlobalSection
	GlobalSection(ProjectConfigurationPlatforms) = postSolution
		{05B906EA-5600-4C6D-9E6A-7A385D710B8F}.Debug|Any CPU.ActiveCfg = Debug|Any CPU
		{05B906EA-5600-4C6D-9E6A-7A385D710B8F}.Debug|Any CPU.Build.0 = Debug|Any CPU
		{05B906EA-5600-4C6D-9E6A-7A385D710B8F}.Release|Any CPU.ActiveCfg = Release|Any CPU
		{05B906EA-5600-4C6D-9E6A-7A385D710B8F}.Release|Any CPU.Build.0 = Release|Any CPU
	EndGlobalSection
	GlobalSection(SolutionProperties) = preSolution
		HideSolutionNode = FALSE
	EndGlobalSection
	GlobalSection(ExtensibilityGlobals) = postSolution
		SolutionGuid = {2521C9E2-73BB-46B2-8BC9-47797E24017B}
	EndGlobalSection
EndGlobal
